// !$*UTF8*$!
{
	archiveVersion = 1;
	classes = {
	};
	objectVersion = 50;
	objects = {

/* Begin PBXGroup section */
		D95DCAD7268CA4CC000E0D7D = {
			isa = PBXGroup;
			children = (
			);
			sourceTree = "<group>";
		};
/* End PBXGroup section */

/* Begin PBXProject section */
		D95DCAD8268CA4CC000E0D7D /* Project object */ = {
			isa = PBXProject;
			attributes = {
				LastUpgradeCheck = 1250;
			};
			buildConfigurationList = D95DCADB268CA4CC000E0D7D /* Build configuration list for PBXProject "json-test" */;
			compatibilityVersion = "Xcode 9.3";
			developmentRegion = en;
			hasScannedForEncodings = 0;
			knownRegions = (
				en,
				Base,
			);
			mainGroup = D95DCAD7268CA4CC000E0D7D;
			projectDirPath = "";
			projectRoot = "";
			targets = (
			);
		};
/* End PBXProject section */

/* Begin XCBuildConfiguration section */
		D95DCADC268CA4CC000E0D7D /* Debug */ = {
			isa = XCBuildConfiguration;
			buildSettings = {
			};
			name = Debug;
		};
		D95DCADD268CA4CC000E0D7D /* Release */ = {
			isa = XCBuildConfiguration;
			buildSettings = {
			};
			name = Release;
		};
/* End XCBuildConfiguration section */

/* Begin XCConfigurationList section */
		D95DCADB268CA4CC000E0D7D /* Build configuration list for PBXProject "json-test" */ = {
			isa = XCConfigurationList;
			buildConfigurations = (
				D95DCADC268CA4CC000E0D7D /* Debug */,
				D95DCADD268CA4CC000E0D7D /* Release */,
			);
			defaultConfigurationIsVisible = 0;
			defaultConfigurationName = Release;
		};
/* End XCConfigurationList section */
	};
	rootObject = D95DCAD8268CA4CC000E0D7D /* Project object */;
}
